
Microsoft Visual Studio Solution File, Format Version 12.00
# Visual Studio Version 16
VisualStudioVersion = 16.0.30225.117
MinimumVisualStudioVersion = 10.0.40219.1
Project("{FAE04EC0-301F-11D3-BF4B-00C04F79EFBC}") = "Apache.NMS.Repro", "Apache.NMS.Repro\Apache.NMS.Repro.csproj", "{01D09737-887C-44CE-B6AF-741F369C9ECB}"
EndProject
Global
	GlobalSection(SolutionConfigurationPlatforms) = preSolution
		Debug|Any CPU = Debug|Any CPU
		Release|Any CPU = Release|Any CPU
	EndGlobalSection
	GlobalSection(ProjectConfigurationPlatforms) = postSolution
		{01D09737-887C-44CE-B6AF-741F369C9ECB}.Debug|Any CPU.ActiveCfg = Debug|Any CPU
		{01D09737-887C-44CE-B6AF-741F369C9ECB}.Debug|Any CPU.Build.0 = Debug|Any CPU
		{01D09737-887C-44CE-B6AF-741F369C9ECB}.Release|Any CPU.ActiveCfg = Release|Any CPU
		{01D09737-887C-44CE-B6AF-741F369C9ECB}.Release|Any CPU.Build.0 = Release|Any CPU
	EndGlobalSection
	GlobalSection(SolutionProperties) = preSolution
		HideSolutionNode = FALSE
	EndGlobalSection
	GlobalSection(ExtensibilityGlobals) = postSolution
		SolutionGuid = {C1C17C98-B625-485D-B401-FCA762826755}
	EndGlobalSection
EndGlobal
